{
    "_meta": {
        "hash": {
            "sha256": "223edf9258f753a2de3ab3482320674a4bab4f3b8c4cfbce7ca8a0c472b61462"
        },
        "pipfile-spec": 6,
        "requires": {
            "python_version": "3.6"
        },
        "sources": [
            {
                "name": "pypi",
                "url": "https://pypi.python.org/simple",
                "verify_ssl": true
            }
        ]
    },
    "default": {
        "boto3": {
            "hashes": [
                "sha256:54e1af94506232fb5376c3ef63ad59064995c537f22c07e0074533976f0a7ca2",
                "sha256:9b9f8291995075242be3559ca56523dfc404d048dc42dc5467235e6fb086427c"
            ],
            "index": "pypi",
            "version": "==1.6.15"
        },
        "botocore": {
            "hashes": [
                "sha256:435c81553af5f5fcb470f0017779d1a1ceab17a08d38c8d05ba779f53edc4275",
                "sha256:fccbaf8c61780394abda7fb58a9d80b0611d65500e612f7fac9516b4724631df"
            ],
            "version": "==1.9.15"
        },
        "certifi": {
            "hashes": [
                "sha256:14131608ad2fd56836d33a71ee60fa1c82bc9d2c8d98b7bdbc631fe1b3cd1296",
                "sha256:edbc3f203427eef571f79a7692bb160a2b0f7ccaa31953e99bd17e307cf63f7d"
            ],
            "version": "==2018.1.18"
        },
        "chardet": {
            "hashes": [
                "sha256:84ab92ed1c4d4f16916e05906b6b75a6c0fb5db821cc65e70cbd64a3e2a5eaae",
                "sha256:fc323ffcaeaed0e0a02bf4d117757b98aed530d9ed4531e3e15460124c106691"
            ],
            "version": "==3.0.4"
        },
        "docutils": {
            "hashes": [
                "sha256:02aec4bd92ab067f6ff27a38a38a41173bf01bed8f89157768c1573f53e474a6",
                "sha256:51e64ef2ebfb29cae1faa133b3710143496eca21c530f3f71424d77687764274",
                "sha256:7a4bd47eaf6596e1295ecb11361139febe29b084a87bf005bf899f9a42edc3c6"
            ],
            "version": "==0.14"
        },
        "github3.py": {
            "hashes": [
                "sha256:d54cb6d55232622fe9e864c39edb1169de15a351307e26cc34f86e77f1cbd738",
                "sha256:f5e069a91d72b88c3cd968d0d61ef213ce119dbfe5c9d7ac67b0954abf9882de"
            ],
            "index": "pypi",
            "version": "==1.0.1"
        },
        "idna": {
            "hashes": [
                "sha256:2c6a5de3089009e3da7c5dde64a141dbc8551d5b7f6cf4ed7c2568d0cc520a8f",
                "sha256:8c7309c718f94b3a625cb648ace320157ad16ff131ae0af362c9f21b80ef6ec4"
            ],
            "version": "==2.6"
        },
        "jmespath": {
            "hashes": [
                "sha256:6a81d4c9aa62caf061cb517b4d9ad1dd300374cd4706997aff9cd6aedd61fc64",
                "sha256:f11b4461f425740a1d908e9a3f7365c3d2e569f6ca68a2ff8bc5bcd9676edd63"
            ],
            "version": "==0.9.3"
        },
        "pyodbc": {
            "hashes": [
                "sha256:001efc4b2ec687a03ed253b2b1fb82ab56737ebbe2129b0be8e9e1fc4dd91482",
                "sha256:25aa87a5fbb32aa51d8961e2ae758528714987e19cfc560280b8fbff1e514cfc",
                "sha256:4dca6918c77e9d83b2be2e42b7a5c5032addbab1a49b94f0651c2cf22d0328c0",
                "sha256:60d1a583d4e8d8d5eb82e37c87141ec0d78cd47706fefd1d7a31deac94107bf5",
                "sha256:6815359c88eaff2877650995eb1ab1eae3b0946ca334e2fc61591b7cc489e8a4",
                "sha256:70200edd4bfc914a8a2230367808febc3af37b0a92eeda32fdc95a40a4310efe",
                "sha256:7252ad7ca6a222e9abe8555101f3e5116f39a59c7b9e5b9ab536f8625f3ab5c1",
                "sha256:7c06df2c544cedfe22229ec1e82a37c815e807a505d6ebfa5633cca8307afada",
                "sha256:9f293b45afec027a9f70c04424bf3668eb939cfe772bdd2886e283bb4841b366",
                "sha256:df2dc0be5c14bd9a25bbd5875c3a7b72341b21aec68c5b4dbe41e3fcc5e0fe97",
                "sha256:e2d742b42c8b92b10018c51d673fe72d925ab90d4dbaaccd4f209e10e228ba73",
                "sha256:e3eeb1a4287c0b2e262efec955f16d95b8aef0d7f456cf802b2d902440f3e8c1",
                "sha256:ea440db8e3054434a5d2225357c90e79d84af0c92cbbf20558e6356d344c00a3"
            ],
            "index": "pypi",
            "version": "==4.0.22"
        },
        "python-dateutil": {
            "hashes": [
                "sha256:891c38b2a02f5bb1be3e4793866c8df49c7d19baabf9c1bad62547e0b4866aca",
                "sha256:95511bae634d69bc7329ba55e646499a842bc4ec342ad54a8cdb65645a0aad3c"
            ],
            "version": "==2.6.1"
        },
        "requests": {
            "hashes": [
                "sha256:6a1b267aa90cac58ac3a765d067950e7dbbf75b1da07e895d1f594193a40a38b",
                "sha256:9c443e7324ba5b85070c4a818ade28bfabedf16ea10206da1132edaa6dda237e"
            ],
            "version": "==2.18.4"
        },
        "s3transfer": {
            "hashes": [
                "sha256:90dc18e028989c609146e241ea153250be451e05ecc0c2832565231dacdf59c1",
                "sha256:c7a9ec356982d5e9ab2d4b46391a7d6a950e2b04c472419f5fdec70cc0ada72f"
            ],
            "version": "==0.1.13"
        },
        "six": {
            "hashes": [
                "sha256:70e8a77beed4562e7f14fe23a786b54f6296e34344c23bc42f07b15018ff98e9",
                "sha256:832dc0e10feb1aa2c68dcc57dbb658f1c7e65b9b61af69048abc87a2db00a0eb"
            ],
            "version": "==1.11.0"
        },
        "uritemplate": {
            "hashes": [
                "sha256:01c69f4fe8ed503b2951bef85d996a9d22434d2431584b5b107b2981ff416fbd",
                "sha256:1b9c467a940ce9fb9f50df819e8ddd14696f89b9a8cc87ac77952ba416e0a8fd",
                "sha256:c02643cebe23fc8adb5e6becffe201185bf06c40bda5c0b4028a93f1527d011d"
            ],
            "version": "==3.0.0"
        },
        "urllib3": {
            "hashes": [
                "sha256:06330f386d6e4b195fbfc736b297f58c5a892e4440e54d294d7004e3a9bbea1b",
                "sha256:cc44da8e1145637334317feebd728bd869a35285b93cbb4cca2577da7e62db4f"
            ],
            "version": "==1.22"
        }
    },
    "develop": {
        "betamax": {
            "hashes": [
                "sha256:5bf004ceffccae881213fb722f34517166b84a34919b92ffc14d1dbd050b71c2",
                "sha256:aa5ad34cc8d018b35814fb0557d15c78ced9ac56fdc43ccacdb882aa7a5217c1"
            ],
            "index": "pypi",
            "version": "==0.8.1"
        },
        "certifi": {
            "hashes": [
                "sha256:14131608ad2fd56836d33a71ee60fa1c82bc9d2c8d98b7bdbc631fe1b3cd1296",
                "sha256:edbc3f203427eef571f79a7692bb160a2b0f7ccaa31953e99bd17e307cf63f7d"
            ],
            "version": "==2018.1.18"
        },
        "chardet": {
            "hashes": [
                "sha256:84ab92ed1c4d4f16916e05906b6b75a6c0fb5db821cc65e70cbd64a3e2a5eaae",
                "sha256:fc323ffcaeaed0e0a02bf4d117757b98aed530d9ed4531e3e15460124c106691"
            ],
            "version": "==3.0.4"
        },
        "idna": {
            "hashes": [
                "sha256:2c6a5de3089009e3da7c5dde64a141dbc8551d5b7f6cf4ed7c2568d0cc520a8f",
                "sha256:8c7309c718f94b3a625cb648ace320157ad16ff131ae0af362c9f21b80ef6ec4"
            ],
            "version": "==2.6"
        },
        "requests": {
            "hashes": [
                "sha256:6a1b267aa90cac58ac3a765d067950e7dbbf75b1da07e895d1f594193a40a38b",
                "sha256:9c443e7324ba5b85070c4a818ade28bfabedf16ea10206da1132edaa6dda237e"
            ],
            "version": "==2.18.4"
        },
        "urllib3": {
            "hashes": [
                "sha256:06330f386d6e4b195fbfc736b297f58c5a892e4440e54d294d7004e3a9bbea1b",
                "sha256:cc44da8e1145637334317feebd728bd869a35285b93cbb4cca2577da7e62db4f"
            ],
            "version": "==1.22"
        }
    }
}
